// !$*UTF8*$!
{
	archiveVersion = 1;
	classes = {
	};
	objectVersion = 50;
	objects = {

/* Begin PBXBuildFile section */
		B64CBD24252F718B00EDB492 /* AppDelegate.swift in Sources */ = {isa = PBXBuildFile; fileRef = B64CBD23252F718B00EDB492 /* AppDelegate.swift */; };
		B64CBD26252F718B00EDB492 /* SceneDelegate.swift in Sources */ = {isa = PBXBuildFile; fileRef = B64CBD25252F718B00EDB492 /* SceneDelegate.swift */; };
		B64CBD28252F718B00EDB492 /* AlbumTableViewController.swift in Sources */ = {isa = PBXBuildFile; fileRef = B64CBD27252F718B00EDB492 /* AlbumTableViewController.swift */; };
		B64CBD2D252F718C00EDB492 /* Assets.xcassets in Resources */ = {isa = PBXBuildFile; fileRef = B64CBD2C252F718C00EDB492 /* Assets.xcassets */; };
		B64CBD30252F718C00EDB492 /* LaunchScreen.storyboard in Resources */ = {isa = PBXBuildFile; fileRef = B64CBD2E252F718C00EDB492 /* LaunchScreen.storyboard */; };
		B64CBD39252F728A00EDB492 /* NetworkService.swift in Sources */ = {isa = PBXBuildFile; fileRef = B64CBD38252F728A00EDB492 /* NetworkService.swift */; };
		B64CBD3C252F73F200EDB492 /* Album.swift in Sources */ = {isa = PBXBuildFile; fileRef = B64CBD3B252F73F200EDB492 /* Album.swift */; };
		B695B82B252F88C5008439F5 /* AlbumController.swift in Sources */ = {isa = PBXBuildFile; fileRef = B695B82A252F88C5008439F5 /* AlbumController.swift */; };
/* End PBXBuildFile section */

/* Begin PBXFileReference section */
		B64CBD20252F718B00EDB492 /* NikeTakeHome.app */ = {isa = PBXFileReference; explicitFileType = wrapper.application; includeInIndex = 0; path = NikeTakeHome.app; sourceTree = BUILT_PRODUCTS_DIR; };
		B64CBD23252F718B00EDB492 /* AppDelegate.swift */ = {isa = PBXFileReference; lastKnownFileType = sourcecode.swift; path = AppDelegate.swift; sourceTree = "<group>"; };
		B64CBD25252F718B00EDB492 /* SceneDelegate.swift */ = {isa = PBXFileReference; lastKnownFileType = sourcecode.swift; path = SceneDelegate.swift; sourceTree = "<group>"; };
		B64CBD27252F718B00EDB492 /* AlbumTableViewController.swift */ = {isa = PBXFileReference; lastKnownFileType = sourcecode.swift; path = AlbumTableViewController.swift; sourceTree = "<group>"; };
		B64CBD2C252F718C00EDB492 /* Assets.xcassets */ = {isa = PBXFileReference; lastKnownFileType = folder.assetcatalog; path = Assets.xcassets; sourceTree = "<group>"; };
		B64CBD2F252F718C00EDB492 /* Base */ = {isa = PBXFileReference; lastKnownFileType = file.storyboard; name = Base; path = Base.lproj/LaunchScreen.storyboard; sourceTree = "<group>"; };
		B64CBD31252F718C00EDB492 /* Info.plist */ = {isa = PBXFileReference; lastKnownFileType = text.plist.xml; path = Info.plist; sourceTree = "<group>"; };
		B64CBD38252F728A00EDB492 /* NetworkService.swift */ = {isa = PBXFileReference; lastKnownFileType = sourcecode.swift; path = NetworkService.swift; sourceTree = "<group>"; };
		B64CBD3B252F73F200EDB492 /* Album.swift */ = {isa = PBXFileReference; lastKnownFileType = sourcecode.swift; path = Album.swift; sourceTree = "<group>"; };
		B695B82A252F88C5008439F5 /* AlbumController.swift */ = {isa = PBXFileReference; lastKnownFileType = sourcecode.swift; path = AlbumController.swift; sourceTree = "<group>"; };
/* End PBXFileReference section */

/* Begin PBXFrameworksBuildPhase section */
		B64CBD1D252F718B00EDB492 /* Frameworks */ = {
			isa = PBXFrameworksBuildPhase;
			buildActionMask = 2147483647;
			files = (
			);
			runOnlyForDeploymentPostprocessing = 0;
		};
/* End PBXFrameworksBuildPhase section */

/* Begin PBXGroup section */
		B64CBD17252F718B00EDB492 = {
			isa = PBXGroup;
			children = (
				B64CBD22252F718B00EDB492 /* NikeTakeHome */,
				B64CBD21252F718B00EDB492 /* Products */,
			);
			sourceTree = "<group>";
		};
		B64CBD21252F718B00EDB492 /* Products */ = {
			isa = PBXGroup;
			children = (
				B64CBD20252F718B00EDB492 /* NikeTakeHome.app */,
			);
			name = Products;
			sourceTree = "<group>";
		};
		B64CBD22252F718B00EDB492 /* NikeTakeHome */ = {
			isa = PBXGroup;
			children = (
				B64CBD4B252F86C600EDB492 /* Resources */,
				B64CBD51252F86DA00EDB492 /* View Controllers */,
				B695B82D252F88C8008439F5 /* Model Controller */,
				B64CBD4D252F86D000EDB492 /* Model */,
				B64CBD4F252F86D500EDB492 /* API */,
				B64CBD31252F718C00EDB492 /* Info.plist */,
			);
			path = NikeTakeHome;
			sourceTree = "<group>";
		};
		B64CBD4B252F86C600EDB492 /* Resources */ = {
			isa = PBXGroup;
			children = (
				B64CBD23252F718B00EDB492 /* AppDelegate.swift */,
				B64CBD25252F718B00EDB492 /* SceneDelegate.swift */,
				B64CBD2C252F718C00EDB492 /* Assets.xcassets */,
				B64CBD2E252F718C00EDB492 /* LaunchScreen.storyboard */,
			);
			path = Resources;
			sourceTree = "<group>";
		};
		B64CBD4D252F86D000EDB492 /* Model */ = {
			isa = PBXGroup;
			children = (
				B64CBD3B252F73F200EDB492 /* Album.swift */,
			);
			path = Model;
			sourceTree = "<group>";
		};
		B64CBD4F252F86D500EDB492 /* API */ = {
			isa = PBXGroup;
			children = (
				B64CBD38252F728A00EDB492 /* NetworkService.swift */,
			);
			path = API;
			sourceTree = "<group>";
		};
		B64CBD51252F86DA00EDB492 /* View Controllers */ = {
			isa = PBXGroup;
			children = (
				B64CBD27252F718B00EDB492 /* AlbumTableViewController.swift */,
			);
			path = "View Controllers";
			sourceTree = "<group>";
		};
		B695B82D252F88C8008439F5 /* Model Controller */ = {
			isa = PBXGroup;
			children = (
				B695B82A252F88C5008439F5 /* AlbumController.swift */,
			);
			path = "Model Controller";
			sourceTree = "<group>";
		};
/* End PBXGroup section */

/* Begin PBXNativeTarget section */
		B64CBD1F252F718B00EDB492 /* NikeTakeHome */ = {
			isa = PBXNativeTarget;
			buildConfigurationList = B64CBD34252F718C00EDB492 /* Build configuration list for PBXNativeTarget "NikeTakeHome" */;
			buildPhases = (
				B64CBD1C252F718B00EDB492 /* Sources */,
				B64CBD1D252F718B00EDB492 /* Frameworks */,
				B64CBD1E252F718B00EDB492 /* Resources */,
			);
			buildRules = (
			);
			dependencies = (
			);
			name = NikeTakeHome;
			productName = NikeTakeHome;
			productReference = B64CBD20252F718B00EDB492 /* NikeTakeHome.app */;
			productType = "com.apple.product-type.application";
		};
/* End PBXNativeTarget section */

/* Begin PBXProject section */
		B64CBD18252F718B00EDB492 /* Project object */ = {
			isa = PBXProject;
			attributes = {
				LastSwiftUpdateCheck = 1200;
				LastUpgradeCheck = 1200;
				TargetAttributes = {
					B64CBD1F252F718B00EDB492 = {
						CreatedOnToolsVersion = 12.0.1;
					};
				};
			};
			buildConfigurationList = B64CBD1B252F718B00EDB492 /* Build configuration list for PBXProject "NikeTakeHome" */;
			compatibilityVersion = "Xcode 9.3";
			developmentRegion = en;
			hasScannedForEncodings = 0;
			knownRegions = (
				en,
				Base,
			);
			mainGroup = B64CBD17252F718B00EDB492;
			productRefGroup = B64CBD21252F718B00EDB492 /* Products */;
			projectDirPath = "";
			projectRoot = "";
			targets = (
				B64CBD1F252F718B00EDB492 /* NikeTakeHome */,
			);
		};
/* End PBXProject section */

/* Begin PBXResourcesBuildPhase section */
		B64CBD1E252F718B00EDB492 /* Resources */ = {
			isa = PBXResourcesBuildPhase;
			buildActionMask = 2147483647;
			files = (
				B64CBD30252F718C00EDB492 /* LaunchScreen.storyboard in Resources */,
				B64CBD2D252F718C00EDB492 /* Assets.xcassets in Resources */,
			);
			runOnlyForDeploymentPostprocessing = 0;
		};
/* End PBXResourcesBuildPhase section */

/* Begin PBXSourcesBuildPhase section */
		B64CBD1C252F718B00EDB492 /* Sources */ = {
			isa = PBXSourcesBuildPhase;
			buildActionMask = 2147483647;
			files = (
				B64CBD3C252F73F200EDB492 /* Album.swift in Sources */,
				B64CBD28252F718B00EDB492 /* AlbumTableViewController.swift in Sources */,
				B64CBD24252F718B00EDB492 /* AppDelegate.swift in Sources */,
				B695B82B252F88C5008439F5 /* AlbumController.swift in Sources */,
				B64CBD39252F728A00EDB492 /* NetworkService.swift in Sources */,
				B64CBD26252F718B00EDB492 /* SceneDelegate.swift in Sources */,
			);
			runOnlyForDeploymentPostprocessing = 0;
		};
/* End PBXSourcesBuildPhase section */

/* Begin PBXVariantGroup section */
		B64CBD2E252F718C00EDB492 /* LaunchScreen.storyboard */ = {
			isa = PBXVariantGroup;
			children = (
				B64CBD2F252F718C00EDB492 /* Base */,
			);
			name = LaunchScreen.storyboard;
			sourceTree = "<group>";
		};
/* End PBXVariantGroup section */

/* Begin XCBuildConfiguration section */
		B64CBD32252F718C00EDB492 /* Debug */ = {
			isa = XCBuildConfiguration;
			buildSettings = {
				ALWAYS_SEARCH_USER_PATHS = NO;
				CLANG_ANALYZER_NONNULL = YES;
				CLANG_ANALYZER_NUMBER_OBJECT_CONVERSION = YES_AGGRESSIVE;
				CLANG_CXX_LANGUAGE_STANDARD = "gnu++14";
				CLANG_CXX_LIBRARY = "libc++";
				CLANG_ENABLE_MODULES = YES;
				CLANG_ENABLE_OBJC_ARC = YES;
				CLANG_ENABLE_OBJC_WEAK = YES;
				CLANG_WARN_BLOCK_CAPTURE_AUTORELEASING = YES;
				CLANG_WARN_BOOL_CONVERSION = YES;
				CLANG_WARN_COMMA = YES;
				CLANG_WARN_CONSTANT_CONVERSION = YES;
				CLANG_WARN_DEPRECATED_OBJC_IMPLEMENTATIONS = YES;
				CLANG_WARN_DIRECT_OBJC_ISA_USAGE = YES_ERROR;
				CLANG_WARN_DOCUMENTATION_COMMENTS = YES;
				CLANG_WARN_EMPTY_BODY = YES;
				CLANG_WARN_ENUM_CONVERSION = YES;
				CLANG_WARN_INFINITE_RECURSION = YES;
				CLANG_WARN_INT_CONVERSION = YES;
				CLANG_WARN_NON_LITERAL_NULL_CONVERSION = YES;
				CLANG_WARN_OBJC_IMPLICIT_RETAIN_SELF = YES;
				CLANG_WARN_OBJC_LITERAL_CONVERSION = YES;
				CLANG_WARN_OBJC_ROOT_CLASS = YES_ERROR;
				CLANG_WARN_QUOTED_INCLUDE_IN_FRAMEWORK_HEADER = YES;
				CLANG_WARN_RANGE_LOOP_ANALYSIS = YES;
				CLANG_WARN_STRICT_PROTOTYPES = YES;
				CLANG_WARN_SUSPICIOUS_MOVE = YES;
				CLANG_WARN_UNGUARDED_AVAILABILITY = YES_AGGRESSIVE;
				CLANG_WARN_UNREACHABLE_CODE = YES;
				CLANG_WARN__DUPLICATE_METHOD_MATCH = YES;
				COPY_PHASE_STRIP = NO;
				DEBUG_INFORMATION_FORMAT = dwarf;
				ENABLE_STRICT_OBJC_MSGSEND = YES;
				ENABLE_TESTABILITY = YES;
				GCC_C_LANGUAGE_STANDARD = gnu11;
				GCC_DYNAMIC_NO_PIC = NO;
				GCC_NO_COMMON_BLOCKS = YES;
				GCC_OPTIMIZATION_LEVEL = 0;
				GCC_PREPROCESSOR_DEFINITIONS = (
					"DEBUG=1",
					"$(inherited)",
				);
				GCC_WARN_64_TO_32_BIT_CONVERSION = YES;
				GCC_WARN_ABOUT_RETURN_TYPE = YES_ERROR;
				GCC_WARN_UNDECLARED_SELECTOR = YES;
				GCC_WARN_UNINITIALIZED_AUTOS = YES_AGGRESSIVE;
				GCC_WARN_UNUSED_FUNCTION = YES;
				GCC_WARN_UNUSED_VARIABLE = YES;
				IPHONEOS_DEPLOYMENT_TARGET = 14.0;
				MTL_ENABLE_DEBUG_INFO = INCLUDE_SOURCE;
				MTL_FAST_MATH = YES;
				ONLY_ACTIVE_ARCH = YES;
				SDKROOT = iphoneos;
				SWIFT_ACTIVE_COMPILATION_CONDITIONS = DEBUG;
				SWIFT_OPTIMIZATION_LEVEL = "-Onone";
			};
			name = Debug;
		};
		B64CBD33252F718C00EDB492 /* Release */ = {
			isa = XCBuildConfiguration;
			buildSettings = {
				ALWAYS_SEARCH_USER_PATHS = NO;
				CLANG_ANALYZER_NONNULL = YES;
				CLANG_ANALYZER_NUMBER_OBJECT_CONVERSION = YES_AGGRESSIVE;
				CLANG_CXX_LANGUAGE_STANDARD = "gnu++14";
				CLANG_CXX_LIBRARY = "libc++";
				CLANG_ENABLE_MODULES = YES;
				CLANG_ENABLE_OBJC_ARC = YES;
				CLANG_ENABLE_OBJC_WEAK = YES;
				CLANG_WARN_BLOCK_CAPTURE_AUTORELEASING = YES;
				CLANG_WARN_BOOL_CONVERSION = YES;
				CLANG_WARN_COMMA = YES;
				CLANG_WARN_CONSTANT_CONVERSION = YES;
				CLANG_WARN_DEPRECATED_OBJC_IMPLEMENTATIONS = YES;
				CLANG_WARN_DIRECT_OBJC_ISA_USAGE = YES_ERROR;
				CLANG_WARN_DOCUMENTATION_COMMENTS = YES;
				CLANG_WARN_EMPTY_BODY = YES;
				CLANG_WARN_ENUM_CONVERSION = YES;
				CLANG_WARN_INFINITE_RECURSION = YES;
				CLANG_WARN_INT_CONVERSION = YES;
				CLANG_WARN_NON_LITERAL_NULL_CONVERSION = YES;
				CLANG_WARN_OBJC_IMPLICIT_RETAIN_SELF = YES;
				CLANG_WARN_OBJC_LITERAL_CONVERSION = YES;
				CLANG_WARN_OBJC_ROOT_CLASS = YES_ERROR;
				CLANG_WARN_QUOTED_INCLUDE_IN_FRAMEWORK_HEADER = YES;
				CLANG_WARN_RANGE_LOOP_ANALYSIS = YES;
				CLANG_WARN_STRICT_PROTOTYPES = YES;
				CLANG_WARN_SUSPICIOUS_MOVE = YES;
				CLANG_WARN_UNGUARDED_AVAILABILITY = YES_AGGRESSIVE;
				CLANG_WARN_UNREACHABLE_CODE = YES;
				CLANG_WARN__DUPLICATE_METHOD_MATCH = YES;
				COPY_PHASE_STRIP = NO;
				DEBUG_INFORMATION_FORMAT = "dwarf-with-dsym";
				ENABLE_NS_ASSERTIONS = NO;
				ENABLE_STRICT_OBJC_MSGSEND = YES;
				GCC_C_LANGUAGE_STANDARD = gnu11;
				GCC_NO_COMMON_BLOCKS = YES;
				GCC_WARN_64_TO_32_BIT_CONVERSION = YES;
				GCC_WARN_ABOUT_RETURN_TYPE = YES_ERROR;
				GCC_WARN_UNDECLARED_SELECTOR = YES;
				GCC_WARN_UNINITIALIZED_AUTOS = YES_AGGRESSIVE;
				GCC_WARN_UNUSED_FUNCTION = YES;
				GCC_WARN_UNUSED_VARIABLE = YES;
				IPHONEOS_DEPLOYMENT_TARGET = 14.0;
				MTL_ENABLE_DEBUG_INFO = NO;
				MTL_FAST_MATH = YES;
				SDKROOT = iphoneos;
				SWIFT_COMPILATION_MODE = wholemodule;
				SWIFT_OPTIMIZATION_LEVEL = "-O";
				VALIDATE_PRODUCT = YES;
			};
			name = Release;
		};
		B64CBD35252F718C00EDB492 /* Debug */ = {
			isa = XCBuildConfiguration;
			buildSettings = {
				ASSETCATALOG_COMPILER_APPICON_NAME = AppIcon;
				ASSETCATALOG_COMPILER_GLOBAL_ACCENT_COLOR_NAME = AccentColor;
				CODE_SIGN_STYLE = Automatic;
				DEVELOPMENT_TEAM = 4939K9623X;
				INFOPLIST_FILE = NikeTakeHome/Info.plist;
				LD_RUNPATH_SEARCH_PATHS = (
					"$(inherited)",
					"@executable_path/Frameworks",
				);
				PRODUCT_BUNDLE_IDENTIFIER = com.nicknguyen.developer.NikeTakeHome;
				PRODUCT_NAME = "$(TARGET_NAME)";
				SWIFT_VERSION = 5.0;
				TARGETED_DEVICE_FAMILY = "1,2";
			};
			name = Debug;
		};
		B64CBD36252F718C00EDB492 /* Release */ = {
			isa = XCBuildConfiguration;
			buildSettings = {
				ASSETCATALOG_COMPILER_APPICON_NAME = AppIcon;
				ASSETCATALOG_COMPILER_GLOBAL_ACCENT_COLOR_NAME = AccentColor;
				CODE_SIGN_STYLE = Automatic;
				DEVELOPMENT_TEAM = 4939K9623X;
				INFOPLIST_FILE = NikeTakeHome/Info.plist;
				LD_RUNPATH_SEARCH_PATHS = (
					"$(inherited)",
					"@executable_path/Frameworks",
				);
				PRODUCT_BUNDLE_IDENTIFIER = com.nicknguyen.developer.NikeTakeHome;
				PRODUCT_NAME = "$(TARGET_NAME)";
				SWIFT_VERSION = 5.0;
				TARGETED_DEVICE_FAMILY = "1,2";
			};
			name = Release;
		};
/* End XCBuildConfiguration section */

/* Begin XCConfigurationList section */
		B64CBD1B252F718B00EDB492 /* Build configuration list for PBXProject "NikeTakeHome" */ = {
			isa = XCConfigurationList;
			buildConfigurations = (
				B64CBD32252F718C00EDB492 /* Debug */,
				B64CBD33252F718C00EDB492 /* Release */,
			);
			defaultConfigurationIsVisible = 0;
			defaultConfigurationName = Release;
		};
		B64CBD34252F718C00EDB492 /* Build configuration list for PBXNativeTarget "NikeTakeHome" */ = {
			isa = XCConfigurationList;
			buildConfigurations = (
				B64CBD35252F718C00EDB492 /* Debug */,
				B64CBD36252F718C00EDB492 /* Release */,
			);
			defaultConfigurationIsVisible = 0;
			defaultConfigurationName = Release;
		};
/* End XCConfigurationList section */
	};
	rootObject = B64CBD18252F718B00EDB492 /* Project object */;
}
